
Microsoft Visual Studio Solution File, Format Version 11.00
# Visual Studio 2010
Project("{8BC9CEB8-8B4A-11D0-8D11-00A0C91BC942}") = "node_sqlite3", "node-sqlite3.vcxproj", "{2018883C-427E-4E54-B1CB-9A232C3B2844}"
EndProject
Global
	GlobalSection(SolutionConfigurationPlatforms) = preSolution
		Debug|Win32 = Debug|Win32
		Release|Win32 = Release|Win32
	EndGlobalSection
	GlobalSection(ProjectConfigurationPlatforms) = postSolution
		{2018883C-427E-4E54-B1CB-9A232C3B2844}.Debug|Win32.ActiveCfg = Debug|Win32
		{2018883C-427E-4E54-B1CB-9A232C3B2844}.Debug|Win32.Build.0 = Debug|Win32
		{2018883C-427E-4E54-B1CB-9A232C3B2844}.Release|Win32.ActiveCfg = Release|Win32
		{2018883C-427E-4E54-B1CB-9A232C3B2844}.Release|Win32.Build.0 = Release|Win32
	EndGlobalSection
	GlobalSection(SolutionProperties) = preSolution
		HideSolutionNode = FALSE
	EndGlobalSection
EndGlobal
